go-mod.ewintr.nl/go-kit v0.0.0-20240915084633-589e6c3a4b97 h1:vk8KmsDbJOYFD8JrYPRlJ44ll6H2JgiPcYrNZNJccj8=
go-mod.ewintr.nl/go-kit v0.0.0-20240915084633-589e6c3a4b97/go.mod h1:JVAoSGJi3oLkkl+nGN0pqRjP6omkPfriCaT3CslW+Ok=
golang.org/x/text v0.14.0 h1:ScX5w1eTa3QqT8oi6+ziP7dTV1S2+ALU0bI+0zXKWiQ=
golang.org/x/text v0.14.0/go.mod h1:18ZOQIKpY8NJVqYksKHtTdi31H5itFRjB5/qKTNYzSU=
